// !$*UTF8*$!
{
	archiveVersion = 1;
	classes = {
	};
	objectVersion = 56;
	objects = {

/* Begin PBXBuildFile section */
		F704BDB02AE360E800253B3B /* ProfileViewController.xib in Resources */ = {isa = PBXBuildFile; fileRef = F704BDAF2AE360E800253B3B /* ProfileViewController.xib */; };
		F704BDB42AE3631300253B3B /* KRProgressHUD in Frameworks */ = {isa = PBXBuildFile; productRef = F704BDB32AE3631300253B3B /* KRProgressHUD */; };
		F742B1092AE3449400D4D02E /* UIView+Extension.swift in Sources */ = {isa = PBXBuildFile; fileRef = F742B1082AE3449400D4D02E /* UIView+Extension.swift */; };
		F74BF3DA2AE1AB0100355F63 /* AppDelegate.swift in Sources */ = {isa = PBXBuildFile; fileRef = F74BF3D92AE1AB0100355F63 /* AppDelegate.swift */; };
		F74BF3DC2AE1AB0100355F63 /* SceneDelegate.swift in Sources */ = {isa = PBXBuildFile; fileRef = F74BF3DB2AE1AB0100355F63 /* SceneDelegate.swift */; };
		F74BF3E32AE1AB0200355F63 /* Assets.xcassets in Resources */ = {isa = PBXBuildFile; fileRef = F74BF3E22AE1AB0200355F63 /* Assets.xcassets */; };
		F74BF3E62AE1AB0200355F63 /* LaunchScreen.storyboard in Resources */ = {isa = PBXBuildFile; fileRef = F74BF3E42AE1AB0200355F63 /* LaunchScreen.storyboard */; };
		F74BF3F12AE1AB0200355F63 /* AreebTaskTests.swift in Sources */ = {isa = PBXBuildFile; fileRef = F74BF3F02AE1AB0200355F63 /* AreebTaskTests.swift */; };
		F74BF3FB2AE1AB0200355F63 /* AreebTaskUITests.swift in Sources */ = {isa = PBXBuildFile; fileRef = F74BF3FA2AE1AB0200355F63 /* AreebTaskUITests.swift */; };
		F74BF3FD2AE1AB0200355F63 /* AreebTaskUITestsLaunchTests.swift in Sources */ = {isa = PBXBuildFile; fileRef = F74BF3FC2AE1AB0200355F63 /* AreebTaskUITestsLaunchTests.swift */; };
		F74BF40B2AE1AEE000355F63 /* Repository.swift in Sources */ = {isa = PBXBuildFile; fileRef = F74BF40A2AE1AEE000355F63 /* Repository.swift */; };
		F74BF4102AE1B18700355F63 /* RepositoryViewController.swift in Sources */ = {isa = PBXBuildFile; fileRef = F74BF40E2AE1B18700355F63 /* RepositoryViewController.swift */; };
		F76750742AE1B20600C29C4C /* RepositoryViewController.xib in Resources */ = {isa = PBXBuildFile; fileRef = F76750732AE1B20600C29C4C /* RepositoryViewController.xib */; };
		F76750772AE1EDF900C29C4C /* RepositoryTableViewCell.swift in Sources */ = {isa = PBXBuildFile; fileRef = F76750752AE1EDF900C29C4C /* RepositoryTableViewCell.swift */; };
		F76750782AE1EDF900C29C4C /* RepositoryTableViewCell.xib in Resources */ = {isa = PBXBuildFile; fileRef = F76750762AE1EDF900C29C4C /* RepositoryTableViewCell.xib */; };
		F767507B2AE1EEF200C29C4C /* UITableView+Extension.swift in Sources */ = {isa = PBXBuildFile; fileRef = F767507A2AE1EEF200C29C4C /* UITableView+Extension.swift */; };
		F767507E2AE1F0D200C29C4C /* NetworkManager.swift in Sources */ = {isa = PBXBuildFile; fileRef = F767507D2AE1F0D200C29C4C /* NetworkManager.swift */; };
		F76750802AE1F12600C29C4C /* ApiError.swift in Sources */ = {isa = PBXBuildFile; fileRef = F767507F2AE1F12600C29C4C /* ApiError.swift */; };
		F76750822AE1F14200C29C4C /* Methods.swift in Sources */ = {isa = PBXBuildFile; fileRef = F76750812AE1F14200C29C4C /* Methods.swift */; };
		F76750842AE1F16700C29C4C /* EndPoint.swift in Sources */ = {isa = PBXBuildFile; fileRef = F76750832AE1F16700C29C4C /* EndPoint.swift */; };
		F76750862AE1F1F500C29C4C /* ApiResponse.swift in Sources */ = {isa = PBXBuildFile; fileRef = F76750852AE1F1F500C29C4C /* ApiResponse.swift */; };
		F76750892AE1F2E400C29C4C /* Repositories.swift in Sources */ = {isa = PBXBuildFile; fileRef = F76750882AE1F2E400C29C4C /* Repositories.swift */; };
		F767508B2AE1F38300C29C4C /* String+Extension.swift in Sources */ = {isa = PBXBuildFile; fileRef = F767508A2AE1F38300C29C4C /* String+Extension.swift */; };
		F767508E2AE20F1000C29C4C /* SDWebImage in Frameworks */ = {isa = PBXBuildFile; productRef = F767508D2AE20F1000C29C4C /* SDWebImage */; };
		F7C800472AE2191F00B25CF4 /* UIImageView+Extension.swift in Sources */ = {isa = PBXBuildFile; fileRef = F7C800462AE2191F00B25CF4 /* UIImageView+Extension.swift */; };
		F7C800492AE220E100B25CF4 /* RepositoryDate.swift in Sources */ = {isa = PBXBuildFile; fileRef = F7C800482AE220E100B25CF4 /* RepositoryDate.swift */; };
		F7C8004C2AE266D900B25CF4 /* ProfileViewController.swift in Sources */ = {isa = PBXBuildFile; fileRef = F7C8004A2AE266D900B25CF4 /* ProfileViewController.swift */; };
/* End PBXBuildFile section */

/* Begin PBXContainerItemProxy section */
		F74BF3ED2AE1AB0200355F63 /* PBXContainerItemProxy */ = {
			isa = PBXContainerItemProxy;
			containerPortal = F74BF3CE2AE1AB0100355F63 /* Project object */;
			proxyType = 1;
			remoteGlobalIDString = F74BF3D52AE1AB0100355F63;
			remoteInfo = AreebTask;
		};
		F74BF3F72AE1AB0200355F63 /* PBXContainerItemProxy */ = {
			isa = PBXContainerItemProxy;
			containerPortal = F74BF3CE2AE1AB0100355F63 /* Project object */;
			proxyType = 1;
			remoteGlobalIDString = F74BF3D52AE1AB0100355F63;
			remoteInfo = AreebTask;
		};
/* End PBXContainerItemProxy section */

/* Begin PBXFileReference section */
		F704BDAF2AE360E800253B3B /* ProfileViewController.xib */ = {isa = PBXFileReference; fileEncoding = 4; lastKnownFileType = file.xib; path = ProfileViewController.xib; sourceTree = "<group>"; };
		F742B1082AE3449400D4D02E /* UIView+Extension.swift */ = {isa = PBXFileReference; lastKnownFileType = sourcecode.swift; path = "UIView+Extension.swift"; sourceTree = "<group>"; };
		F74BF3D62AE1AB0100355F63 /* AreebTask.app */ = {isa = PBXFileReference; explicitFileType = wrapper.application; includeInIndex = 0; path = AreebTask.app; sourceTree = BUILT_PRODUCTS_DIR; };
		F74BF3D92AE1AB0100355F63 /* AppDelegate.swift */ = {isa = PBXFileReference; lastKnownFileType = sourcecode.swift; path = AppDelegate.swift; sourceTree = "<group>"; };
		F74BF3DB2AE1AB0100355F63 /* SceneDelegate.swift */ = {isa = PBXFileReference; lastKnownFileType = sourcecode.swift; path = SceneDelegate.swift; sourceTree = "<group>"; };
		F74BF3E22AE1AB0200355F63 /* Assets.xcassets */ = {isa = PBXFileReference; lastKnownFileType = folder.assetcatalog; path = Assets.xcassets; sourceTree = "<group>"; };
		F74BF3E52AE1AB0200355F63 /* Base */ = {isa = PBXFileReference; lastKnownFileType = file.storyboard; name = Base; path = Base.lproj/LaunchScreen.storyboard; sourceTree = "<group>"; };
		F74BF3E72AE1AB0200355F63 /* Info.plist */ = {isa = PBXFileReference; lastKnownFileType = text.plist.xml; path = Info.plist; sourceTree = "<group>"; };
		F74BF3EC2AE1AB0200355F63 /* AreebTaskTests.xctest */ = {isa = PBXFileReference; explicitFileType = wrapper.cfbundle; includeInIndex = 0; path = AreebTaskTests.xctest; sourceTree = BUILT_PRODUCTS_DIR; };
		F74BF3F02AE1AB0200355F63 /* AreebTaskTests.swift */ = {isa = PBXFileReference; lastKnownFileType = sourcecode.swift; path = AreebTaskTests.swift; sourceTree = "<group>"; };
		F74BF3F62AE1AB0200355F63 /* AreebTaskUITests.xctest */ = {isa = PBXFileReference; explicitFileType = wrapper.cfbundle; includeInIndex = 0; path = AreebTaskUITests.xctest; sourceTree = BUILT_PRODUCTS_DIR; };
		F74BF3FA2AE1AB0200355F63 /* AreebTaskUITests.swift */ = {isa = PBXFileReference; lastKnownFileType = sourcecode.swift; path = AreebTaskUITests.swift; sourceTree = "<group>"; };
		F74BF3FC2AE1AB0200355F63 /* AreebTaskUITestsLaunchTests.swift */ = {isa = PBXFileReference; lastKnownFileType = sourcecode.swift; path = AreebTaskUITestsLaunchTests.swift; sourceTree = "<group>"; };
		F74BF40A2AE1AEE000355F63 /* Repository.swift */ = {isa = PBXFileReference; lastKnownFileType = sourcecode.swift; path = Repository.swift; sourceTree = "<group>"; };
		F74BF40E2AE1B18700355F63 /* RepositoryViewController.swift */ = {isa = PBXFileReference; lastKnownFileType = sourcecode.swift; path = RepositoryViewController.swift; sourceTree = "<group>"; };
		F76750732AE1B20600C29C4C /* RepositoryViewController.xib */ = {isa = PBXFileReference; fileEncoding = 4; lastKnownFileType = file.xib; path = RepositoryViewController.xib; sourceTree = "<group>"; };
		F76750752AE1EDF900C29C4C /* RepositoryTableViewCell.swift */ = {isa = PBXFileReference; lastKnownFileType = sourcecode.swift; path = RepositoryTableViewCell.swift; sourceTree = "<group>"; };
		F76750762AE1EDF900C29C4C /* RepositoryTableViewCell.xib */ = {isa = PBXFileReference; lastKnownFileType = file.xib; path = RepositoryTableViewCell.xib; sourceTree = "<group>"; };
		F767507A2AE1EEF200C29C4C /* UITableView+Extension.swift */ = {isa = PBXFileReference; lastKnownFileType = sourcecode.swift; path = "UITableView+Extension.swift"; sourceTree = "<group>"; };
		F767507D2AE1F0D200C29C4C /* NetworkManager.swift */ = {isa = PBXFileReference; lastKnownFileType = sourcecode.swift; path = NetworkManager.swift; sourceTree = "<group>"; };
		F767507F2AE1F12600C29C4C /* ApiError.swift */ = {isa = PBXFileReference; lastKnownFileType = sourcecode.swift; path = ApiError.swift; sourceTree = "<group>"; };
		F76750812AE1F14200C29C4C /* Methods.swift */ = {isa = PBXFileReference; lastKnownFileType = sourcecode.swift; path = Methods.swift; sourceTree = "<group>"; };
		F76750832AE1F16700C29C4C /* EndPoint.swift */ = {isa = PBXFileReference; lastKnownFileType = sourcecode.swift; path = EndPoint.swift; sourceTree = "<group>"; };
		F76750852AE1F1F500C29C4C /* ApiResponse.swift */ = {isa = PBXFileReference; lastKnownFileType = sourcecode.swift; path = ApiResponse.swift; sourceTree = "<group>"; };
		F76750882AE1F2E400C29C4C /* Repositories.swift */ = {isa = PBXFileReference; lastKnownFileType = sourcecode.swift; path = Repositories.swift; sourceTree = "<group>"; };
		F767508A2AE1F38300C29C4C /* String+Extension.swift */ = {isa = PBXFileReference; lastKnownFileType = sourcecode.swift; path = "String+Extension.swift"; sourceTree = "<group>"; };
		F7C800462AE2191F00B25CF4 /* UIImageView+Extension.swift */ = {isa = PBXFileReference; lastKnownFileType = sourcecode.swift; path = "UIImageView+Extension.swift"; sourceTree = "<group>"; };
		F7C800482AE220E100B25CF4 /* RepositoryDate.swift */ = {isa = PBXFileReference; lastKnownFileType = sourcecode.swift; path = RepositoryDate.swift; sourceTree = "<group>"; };
		F7C8004A2AE266D900B25CF4 /* ProfileViewController.swift */ = {isa = PBXFileReference; lastKnownFileType = sourcecode.swift; path = ProfileViewController.swift; sourceTree = "<group>"; };
/* End PBXFileReference section */

/* Begin PBXFrameworksBuildPhase section */
		F74BF3D32AE1AB0100355F63 /* Frameworks */ = {
			isa = PBXFrameworksBuildPhase;
			buildActionMask = 2147483647;
			files = (
				F704BDB42AE3631300253B3B /* KRProgressHUD in Frameworks */,
				F767508E2AE20F1000C29C4C /* SDWebImage in Frameworks */,
			);
			runOnlyForDeploymentPostprocessing = 0;
		};
		F74BF3E92AE1AB0200355F63 /* Frameworks */ = {
			isa = PBXFrameworksBuildPhase;
			buildActionMask = 2147483647;
			files = (
			);
			runOnlyForDeploymentPostprocessing = 0;
		};
		F74BF3F32AE1AB0200355F63 /* Frameworks */ = {
			isa = PBXFrameworksBuildPhase;
			buildActionMask = 2147483647;
			files = (
			);
			runOnlyForDeploymentPostprocessing = 0;
		};
/* End PBXFrameworksBuildPhase section */

/* Begin PBXGroup section */
		F704BDB12AE3612700253B3B /* AppDelegate */ = {
			isa = PBXGroup;
			children = (
				F74BF3D92AE1AB0100355F63 /* AppDelegate.swift */,
				F74BF3DB2AE1AB0100355F63 /* SceneDelegate.swift */,
			);
			path = AppDelegate;
			sourceTree = "<group>";
		};
		F74BF3CD2AE1AB0100355F63 = {
			isa = PBXGroup;
			children = (
				F74BF3D82AE1AB0100355F63 /* AreebTask */,
				F74BF3EF2AE1AB0200355F63 /* AreebTaskTests */,
				F74BF3F92AE1AB0200355F63 /* AreebTaskUITests */,
				F74BF3D72AE1AB0100355F63 /* Products */,
			);
			sourceTree = "<group>";
		};
		F74BF3D72AE1AB0100355F63 /* Products */ = {
			isa = PBXGroup;
			children = (
				F74BF3D62AE1AB0100355F63 /* AreebTask.app */,
				F74BF3EC2AE1AB0200355F63 /* AreebTaskTests.xctest */,
				F74BF3F62AE1AB0200355F63 /* AreebTaskUITests.xctest */,
			);
			name = Products;
			sourceTree = "<group>";
		};
		F74BF3D82AE1AB0100355F63 /* AreebTask */ = {
			isa = PBXGroup;
			children = (
				F704BDB12AE3612700253B3B /* AppDelegate */,
				F767507C2AE1F03000C29C4C /* NetworkManager */,
				F76750792AE1EEB300C29C4C /* Extension */,
				F74BF40D2AE1B16100355F63 /* Controller */,
				F74BF40C2AE1B15400355F63 /* View */,
				F74BF4092AE1AE3800355F63 /* Model */,
				F74BF3E22AE1AB0200355F63 /* Assets.xcassets */,
				F74BF3E72AE1AB0200355F63 /* Info.plist */,
			);
			path = AreebTask;
			sourceTree = "<group>";
		};
		F74BF3EF2AE1AB0200355F63 /* AreebTaskTests */ = {
			isa = PBXGroup;
			children = (
				F74BF3F02AE1AB0200355F63 /* AreebTaskTests.swift */,
			);
			path = AreebTaskTests;
			sourceTree = "<group>";
		};
		F74BF3F92AE1AB0200355F63 /* AreebTaskUITests */ = {
			isa = PBXGroup;
			children = (
				F74BF3FA2AE1AB0200355F63 /* AreebTaskUITests.swift */,
				F74BF3FC2AE1AB0200355F63 /* AreebTaskUITestsLaunchTests.swift */,
			);
			path = AreebTaskUITests;
			sourceTree = "<group>";
		};
		F74BF4092AE1AE3800355F63 /* Model */ = {
			isa = PBXGroup;
			children = (
				F74BF40A2AE1AEE000355F63 /* Repository.swift */,
			);
			path = Model;
			sourceTree = "<group>";
		};
		F74BF40C2AE1B15400355F63 /* View */ = {
			isa = PBXGroup;
			children = (
				F74BF3E42AE1AB0200355F63 /* LaunchScreen.storyboard */,
				F76750732AE1B20600C29C4C /* RepositoryViewController.xib */,
				F704BDAF2AE360E800253B3B /* ProfileViewController.xib */,
				F74BF4122AE1B19100355F63 /* Cell */,
			);
			path = View;
			sourceTree = "<group>";
		};
		F74BF40D2AE1B16100355F63 /* Controller */ = {
			isa = PBXGroup;
			children = (
				F74BF40E2AE1B18700355F63 /* RepositoryViewController.swift */,
				F7C8004A2AE266D900B25CF4 /* ProfileViewController.swift */,
			);
			path = Controller;
			sourceTree = "<group>";
		};
		F74BF4122AE1B19100355F63 /* Cell */ = {
			isa = PBXGroup;
			children = (
				F76750752AE1EDF900C29C4C /* RepositoryTableViewCell.swift */,
				F76750762AE1EDF900C29C4C /* RepositoryTableViewCell.xib */,
			);
			path = Cell;
			sourceTree = "<group>";
		};
		F76750792AE1EEB300C29C4C /* Extension */ = {
			isa = PBXGroup;
			children = (
				F767507A2AE1EEF200C29C4C /* UITableView+Extension.swift */,
				F767508A2AE1F38300C29C4C /* String+Extension.swift */,
				F7C800462AE2191F00B25CF4 /* UIImageView+Extension.swift */,
				F742B1082AE3449400D4D02E /* UIView+Extension.swift */,
			);
			path = Extension;
			sourceTree = "<group>";
		};
		F767507C2AE1F03000C29C4C /* NetworkManager */ = {
			isa = PBXGroup;
			children = (
				F76750872AE1F2D200C29C4C /* ServiceClass */,
				F767507D2AE1F0D200C29C4C /* NetworkManager.swift */,
				F767507F2AE1F12600C29C4C /* ApiError.swift */,
				F76750812AE1F14200C29C4C /* Methods.swift */,
				F76750832AE1F16700C29C4C /* EndPoint.swift */,
				F76750852AE1F1F500C29C4C /* ApiResponse.swift */,
			);
			path = NetworkManager;
			sourceTree = "<group>";
		};
		F76750872AE1F2D200C29C4C /* ServiceClass */ = {
			isa = PBXGroup;
			children = (
				F76750882AE1F2E400C29C4C /* Repositories.swift */,
				F7C800482AE220E100B25CF4 /* RepositoryDate.swift */,
			);
			path = ServiceClass;
			sourceTree = "<group>";
		};
/* End PBXGroup section */

/* Begin PBXNativeTarget section */
		F74BF3D52AE1AB0100355F63 /* AreebTask */ = {
			isa = PBXNativeTarget;
			buildConfigurationList = F74BF4002AE1AB0200355F63 /* Build configuration list for PBXNativeTarget "AreebTask" */;
			buildPhases = (
				F74BF3D22AE1AB0100355F63 /* Sources */,
				F74BF3D32AE1AB0100355F63 /* Frameworks */,
				F74BF3D42AE1AB0100355F63 /* Resources */,
			);
			buildRules = (
			);
			dependencies = (
			);
			name = AreebTask;
			packageProductDependencies = (
				F767508D2AE20F1000C29C4C /* SDWebImage */,
				F704BDB32AE3631300253B3B /* KRProgressHUD */,
			);
			productName = AreebTask;
			productReference = F74BF3D62AE1AB0100355F63 /* AreebTask.app */;
			productType = "com.apple.product-type.application";
		};
		F74BF3EB2AE1AB0200355F63 /* AreebTaskTests */ = {
			isa = PBXNativeTarget;
			buildConfigurationList = F74BF4032AE1AB0200355F63 /* Build configuration list for PBXNativeTarget "AreebTaskTests" */;
			buildPhases = (
				F74BF3E82AE1AB0200355F63 /* Sources */,
				F74BF3E92AE1AB0200355F63 /* Frameworks */,
				F74BF3EA2AE1AB0200355F63 /* Resources */,
			);
			buildRules = (
			);
			dependencies = (
				F74BF3EE2AE1AB0200355F63 /* PBXTargetDependency */,
			);
			name = AreebTaskTests;
			productName = AreebTaskTests;
			productReference = F74BF3EC2AE1AB0200355F63 /* AreebTaskTests.xctest */;
			productType = "com.apple.product-type.bundle.unit-test";
		};
		F74BF3F52AE1AB0200355F63 /* AreebTaskUITests */ = {
			isa = PBXNativeTarget;
			buildConfigurationList = F74BF4062AE1AB0200355F63 /* Build configuration list for PBXNativeTarget "AreebTaskUITests" */;
			buildPhases = (
				F74BF3F22AE1AB0200355F63 /* Sources */,
				F74BF3F32AE1AB0200355F63 /* Frameworks */,
				F74BF3F42AE1AB0200355F63 /* Resources */,
			);
			buildRules = (
			);
			dependencies = (
				F74BF3F82AE1AB0200355F63 /* PBXTargetDependency */,
			);
			name = AreebTaskUITests;
			productName = AreebTaskUITests;
			productReference = F74BF3F62AE1AB0200355F63 /* AreebTaskUITests.xctest */;
			productType = "com.apple.product-type.bundle.ui-testing";
		};
/* End PBXNativeTarget section */

/* Begin PBXProject section */
		F74BF3CE2AE1AB0100355F63 /* Project object */ = {
			isa = PBXProject;
			attributes = {
				BuildIndependentTargetsInParallel = 1;
				LastSwiftUpdateCheck = 1410;
				LastUpgradeCheck = 1410;
				TargetAttributes = {
					F74BF3D52AE1AB0100355F63 = {
						CreatedOnToolsVersion = 14.1;
					};
					F74BF3EB2AE1AB0200355F63 = {
						CreatedOnToolsVersion = 14.1;
						TestTargetID = F74BF3D52AE1AB0100355F63;
					};
					F74BF3F52AE1AB0200355F63 = {
						CreatedOnToolsVersion = 14.1;
						TestTargetID = F74BF3D52AE1AB0100355F63;
					};
				};
			};
			buildConfigurationList = F74BF3D12AE1AB0100355F63 /* Build configuration list for PBXProject "AreebTask" */;
			compatibilityVersion = "Xcode 14.0";
			developmentRegion = en;
			hasScannedForEncodings = 0;
			knownRegions = (
				en,
				Base,
			);
			mainGroup = F74BF3CD2AE1AB0100355F63;
			packageReferences = (
				F767508C2AE20F1000C29C4C /* XCRemoteSwiftPackageReference "SDWebImage" */,
				F704BDB22AE3631300253B3B /* XCRemoteSwiftPackageReference "KRProgressHUD" */,
			);
			productRefGroup = F74BF3D72AE1AB0100355F63 /* Products */;
			projectDirPath = "";
			projectRoot = "";
			targets = (
				F74BF3D52AE1AB0100355F63 /* AreebTask */,
				F74BF3EB2AE1AB0200355F63 /* AreebTaskTests */,
				F74BF3F52AE1AB0200355F63 /* AreebTaskUITests */,
			);
		};
/* End PBXProject section */

/* Begin PBXResourcesBuildPhase section */
		F74BF3D42AE1AB0100355F63 /* Resources */ = {
			isa = PBXResourcesBuildPhase;
			buildActionMask = 2147483647;
			files = (
				F704BDB02AE360E800253B3B /* ProfileViewController.xib in Resources */,
				F76750742AE1B20600C29C4C /* RepositoryViewController.xib in Resources */,
				F74BF3E62AE1AB0200355F63 /* LaunchScreen.storyboard in Resources */,
				F74BF3E32AE1AB0200355F63 /* Assets.xcassets in Resources */,
				F76750782AE1EDF900C29C4C /* RepositoryTableViewCell.xib in Resources */,
			);
			runOnlyForDeploymentPostprocessing = 0;
		};
		F74BF3EA2AE1AB0200355F63 /* Resources */ = {
			isa = PBXResourcesBuildPhase;
			buildActionMask = 2147483647;
			files = (
			);
			runOnlyForDeploymentPostprocessing = 0;
		};
		F74BF3F42AE1AB0200355F63 /* Resources */ = {
			isa = PBXResourcesBuildPhase;
			buildActionMask = 2147483647;
			files = (
			);
			runOnlyForDeploymentPostprocessing = 0;
		};
/* End PBXResourcesBuildPhase section */

/* Begin PBXSourcesBuildPhase section */
		F74BF3D22AE1AB0100355F63 /* Sources */ = {
			isa = PBXSourcesBuildPhase;
			buildActionMask = 2147483647;
			files = (
				F7C800472AE2191F00B25CF4 /* UIImageView+Extension.swift in Sources */,
				F74BF3DA2AE1AB0100355F63 /* AppDelegate.swift in Sources */,
				F767507B2AE1EEF200C29C4C /* UITableView+Extension.swift in Sources */,
				F74BF3DC2AE1AB0100355F63 /* SceneDelegate.swift in Sources */,
				F76750842AE1F16700C29C4C /* EndPoint.swift in Sources */,
				F767507E2AE1F0D200C29C4C /* NetworkManager.swift in Sources */,
				F7C8004C2AE266D900B25CF4 /* ProfileViewController.swift in Sources */,
				F7C800492AE220E100B25CF4 /* RepositoryDate.swift in Sources */,
				F76750802AE1F12600C29C4C /* ApiError.swift in Sources */,
				F76750772AE1EDF900C29C4C /* RepositoryTableViewCell.swift in Sources */,
				F767508B2AE1F38300C29C4C /* String+Extension.swift in Sources */,
				F742B1092AE3449400D4D02E /* UIView+Extension.swift in Sources */,
				F74BF40B2AE1AEE000355F63 /* Repository.swift in Sources */,
				F76750892AE1F2E400C29C4C /* Repositories.swift in Sources */,
				F76750862AE1F1F500C29C4C /* ApiResponse.swift in Sources */,
				F76750822AE1F14200C29C4C /* Methods.swift in Sources */,
				F74BF4102AE1B18700355F63 /* RepositoryViewController.swift in Sources */,
			);
			runOnlyForDeploymentPostprocessing = 0;
		};
		F74BF3E82AE1AB0200355F63 /* Sources */ = {
			isa = PBXSourcesBuildPhase;
			buildActionMask = 2147483647;
			files = (
				F74BF3F12AE1AB0200355F63 /* AreebTaskTests.swift in Sources */,
			);
			runOnlyForDeploymentPostprocessing = 0;
		};
		F74BF3F22AE1AB0200355F63 /* Sources */ = {
			isa = PBXSourcesBuildPhase;
			buildActionMask = 2147483647;
			files = (
				F74BF3FB2AE1AB0200355F63 /* AreebTaskUITests.swift in Sources */,
				F74BF3FD2AE1AB0200355F63 /* AreebTaskUITestsLaunchTests.swift in Sources */,
			);
			runOnlyForDeploymentPostprocessing = 0;
		};
/* End PBXSourcesBuildPhase section */

/* Begin PBXTargetDependency section */
		F74BF3EE2AE1AB0200355F63 /* PBXTargetDependency */ = {
			isa = PBXTargetDependency;
			target = F74BF3D52AE1AB0100355F63 /* AreebTask */;
			targetProxy = F74BF3ED2AE1AB0200355F63 /* PBXContainerItemProxy */;
		};
		F74BF3F82AE1AB0200355F63 /* PBXTargetDependency */ = {
			isa = PBXTargetDependency;
			target = F74BF3D52AE1AB0100355F63 /* AreebTask */;
			targetProxy = F74BF3F72AE1AB0200355F63 /* PBXContainerItemProxy */;
		};
/* End PBXTargetDependency section */

/* Begin PBXVariantGroup section */
		F74BF3E42AE1AB0200355F63 /* LaunchScreen.storyboard */ = {
			isa = PBXVariantGroup;
			children = (
				F74BF3E52AE1AB0200355F63 /* Base */,
			);
			name = LaunchScreen.storyboard;
			sourceTree = "<group>";
		};
/* End PBXVariantGroup section */

/* Begin XCBuildConfiguration section */
		F74BF3FE2AE1AB0200355F63 /* Debug */ = {
			isa = XCBuildConfiguration;
			buildSettings = {
				ALWAYS_SEARCH_USER_PATHS = NO;
				CLANG_ANALYZER_NONNULL = YES;
				CLANG_ANALYZER_NUMBER_OBJECT_CONVERSION = YES_AGGRESSIVE;
				CLANG_CXX_LANGUAGE_STANDARD = "gnu++20";
				CLANG_ENABLE_MODULES = YES;
				CLANG_ENABLE_OBJC_ARC = YES;
				CLANG_ENABLE_OBJC_WEAK = YES;
				CLANG_WARN_BLOCK_CAPTURE_AUTORELEASING = YES;
				CLANG_WARN_BOOL_CONVERSION = YES;
				CLANG_WARN_COMMA = YES;
				CLANG_WARN_CONSTANT_CONVERSION = YES;
				CLANG_WARN_DEPRECATED_OBJC_IMPLEMENTATIONS = YES;
				CLANG_WARN_DIRECT_OBJC_ISA_USAGE = YES_ERROR;
				CLANG_WARN_DOCUMENTATION_COMMENTS = YES;
				CLANG_WARN_EMPTY_BODY = YES;
				CLANG_WARN_ENUM_CONVERSION = YES;
				CLANG_WARN_INFINITE_RECURSION = YES;
				CLANG_WARN_INT_CONVERSION = YES;
				CLANG_WARN_NON_LITERAL_NULL_CONVERSION = YES;
				CLANG_WARN_OBJC_IMPLICIT_RETAIN_SELF = YES;
				CLANG_WARN_OBJC_LITERAL_CONVERSION = YES;
				CLANG_WARN_OBJC_ROOT_CLASS = YES_ERROR;
				CLANG_WARN_QUOTED_INCLUDE_IN_FRAMEWORK_HEADER = YES;
				CLANG_WARN_RANGE_LOOP_ANALYSIS = YES;
				CLANG_WARN_STRICT_PROTOTYPES = YES;
				CLANG_WARN_SUSPICIOUS_MOVE = YES;
				CLANG_WARN_UNGUARDED_AVAILABILITY = YES_AGGRESSIVE;
				CLANG_WARN_UNREACHABLE_CODE = YES;
				CLANG_WARN__DUPLICATE_METHOD_MATCH = YES;
				COPY_PHASE_STRIP = NO;
				DEBUG_INFORMATION_FORMAT = dwarf;
				ENABLE_STRICT_OBJC_MSGSEND = YES;
				ENABLE_TESTABILITY = YES;
				GCC_C_LANGUAGE_STANDARD = gnu11;
				GCC_DYNAMIC_NO_PIC = NO;
				GCC_NO_COMMON_BLOCKS = YES;
				GCC_OPTIMIZATION_LEVEL = 0;
				GCC_PREPROCESSOR_DEFINITIONS = (
					"DEBUG=1",
					"$(inherited)",
				);
				GCC_WARN_64_TO_32_BIT_CONVERSION = YES;
				GCC_WARN_ABOUT_RETURN_TYPE = YES_ERROR;
				GCC_WARN_UNDECLARED_SELECTOR = YES;
				GCC_WARN_UNINITIALIZED_AUTOS = YES_AGGRESSIVE;
				GCC_WARN_UNUSED_FUNCTION = YES;
				GCC_WARN_UNUSED_VARIABLE = YES;
				IPHONEOS_DEPLOYMENT_TARGET = 16.1;
				MTL_ENABLE_DEBUG_INFO = INCLUDE_SOURCE;
				MTL_FAST_MATH = YES;
				ONLY_ACTIVE_ARCH = YES;
				SDKROOT = iphoneos;
				SWIFT_ACTIVE_COMPILATION_CONDITIONS = DEBUG;
				SWIFT_OPTIMIZATION_LEVEL = "-Onone";
			};
			name = Debug;
		};
		F74BF3FF2AE1AB0200355F63 /* Release */ = {
			isa = XCBuildConfiguration;
			buildSettings = {
				ALWAYS_SEARCH_USER_PATHS = NO;
				CLANG_ANALYZER_NONNULL = YES;
				CLANG_ANALYZER_NUMBER_OBJECT_CONVERSION = YES_AGGRESSIVE;
				CLANG_CXX_LANGUAGE_STANDARD = "gnu++20";
				CLANG_ENABLE_MODULES = YES;
				CLANG_ENABLE_OBJC_ARC = YES;
				CLANG_ENABLE_OBJC_WEAK = YES;
				CLANG_WARN_BLOCK_CAPTURE_AUTORELEASING = YES;
				CLANG_WARN_BOOL_CONVERSION = YES;
				CLANG_WARN_COMMA = YES;
				CLANG_WARN_CONSTANT_CONVERSION = YES;
				CLANG_WARN_DEPRECATED_OBJC_IMPLEMENTATIONS = YES;
				CLANG_WARN_DIRECT_OBJC_ISA_USAGE = YES_ERROR;
				CLANG_WARN_DOCUMENTATION_COMMENTS = YES;
				CLANG_WARN_EMPTY_BODY = YES;
				CLANG_WARN_ENUM_CONVERSION = YES;
				CLANG_WARN_INFINITE_RECURSION = YES;
				CLANG_WARN_INT_CONVERSION = YES;
				CLANG_WARN_NON_LITERAL_NULL_CONVERSION = YES;
				CLANG_WARN_OBJC_IMPLICIT_RETAIN_SELF = YES;
				CLANG_WARN_OBJC_LITERAL_CONVERSION = YES;
				CLANG_WARN_OBJC_ROOT_CLASS = YES_ERROR;
				CLANG_WARN_QUOTED_INCLUDE_IN_FRAMEWORK_HEADER = YES;
				CLANG_WARN_RANGE_LOOP_ANALYSIS = YES;
				CLANG_WARN_STRICT_PROTOTYPES = YES;
				CLANG_WARN_SUSPICIOUS_MOVE = YES;
				CLANG_WARN_UNGUARDED_AVAILABILITY = YES_AGGRESSIVE;
				CLANG_WARN_UNREACHABLE_CODE = YES;
				CLANG_WARN__DUPLICATE_METHOD_MATCH = YES;
				COPY_PHASE_STRIP = NO;
				DEBUG_INFORMATION_FORMAT = "dwarf-with-dsym";
				ENABLE_NS_ASSERTIONS = NO;
				ENABLE_STRICT_OBJC_MSGSEND = YES;
				GCC_C_LANGUAGE_STANDARD = gnu11;
				GCC_NO_COMMON_BLOCKS = YES;
				GCC_WARN_64_TO_32_BIT_CONVERSION = YES;
				GCC_WARN_ABOUT_RETURN_TYPE = YES_ERROR;
				GCC_WARN_UNDECLARED_SELECTOR = YES;
				GCC_WARN_UNINITIALIZED_AUTOS = YES_AGGRESSIVE;
				GCC_WARN_UNUSED_FUNCTION = YES;
				GCC_WARN_UNUSED_VARIABLE = YES;
				IPHONEOS_DEPLOYMENT_TARGET = 16.1;
				MTL_ENABLE_DEBUG_INFO = NO;
				MTL_FAST_MATH = YES;
				SDKROOT = iphoneos;
				SWIFT_COMPILATION_MODE = wholemodule;
				SWIFT_OPTIMIZATION_LEVEL = "-O";
				VALIDATE_PRODUCT = YES;
			};
			name = Release;
		};
		F74BF4012AE1AB0200355F63 /* Debug */ = {
			isa = XCBuildConfiguration;
			buildSettings = {
				ASSETCATALOG_COMPILER_APPICON_NAME = AppIcon;
				ASSETCATALOG_COMPILER_GLOBAL_ACCENT_COLOR_NAME = AccentColor;
				CODE_SIGN_STYLE = Automatic;
				CURRENT_PROJECT_VERSION = 1;
				DEVELOPMENT_TEAM = TP8LF837KP;
				GENERATE_INFOPLIST_FILE = YES;
				INFOPLIST_FILE = AreebTask/Info.plist;
				INFOPLIST_KEY_UIApplicationSupportsIndirectInputEvents = YES;
				INFOPLIST_KEY_UILaunchStoryboardName = LaunchScreen;
				INFOPLIST_KEY_UISupportedInterfaceOrientations_iPad = "UIInterfaceOrientationPortrait UIInterfaceOrientationPortraitUpsideDown UIInterfaceOrientationLandscapeLeft UIInterfaceOrientationLandscapeRight";
				INFOPLIST_KEY_UISupportedInterfaceOrientations_iPhone = "UIInterfaceOrientationPortrait UIInterfaceOrientationLandscapeLeft UIInterfaceOrientationLandscapeRight";
				LD_RUNPATH_SEARCH_PATHS = (
					"$(inherited)",
					"@executable_path/Frameworks",
				);
				MARKETING_VERSION = 1.0;
				PRODUCT_BUNDLE_IDENTIFIER = com.future.AreebTask;
				PRODUCT_NAME = "$(TARGET_NAME)";
				SWIFT_EMIT_LOC_STRINGS = YES;
				SWIFT_VERSION = 5.0;
				TARGETED_DEVICE_FAMILY = "1,2";
			};
			name = Debug;
		};
		F74BF4022AE1AB0200355F63 /* Release */ = {
			isa = XCBuildConfiguration;
			buildSettings = {
				ASSETCATALOG_COMPILER_APPICON_NAME = AppIcon;
				ASSETCATALOG_COMPILER_GLOBAL_ACCENT_COLOR_NAME = AccentColor;
				CODE_SIGN_STYLE = Automatic;
				CURRENT_PROJECT_VERSION = 1;
				DEVELOPMENT_TEAM = TP8LF837KP;
				GENERATE_INFOPLIST_FILE = YES;
				INFOPLIST_FILE = AreebTask/Info.plist;
				INFOPLIST_KEY_UIApplicationSupportsIndirectInputEvents = YES;
				INFOPLIST_KEY_UILaunchStoryboardName = LaunchScreen;
				INFOPLIST_KEY_UISupportedInterfaceOrientations_iPad = "UIInterfaceOrientationPortrait UIInterfaceOrientationPortraitUpsideDown UIInterfaceOrientationLandscapeLeft UIInterfaceOrientationLandscapeRight";
				INFOPLIST_KEY_UISupportedInterfaceOrientations_iPhone = "UIInterfaceOrientationPortrait UIInterfaceOrientationLandscapeLeft UIInterfaceOrientationLandscapeRight";
				LD_RUNPATH_SEARCH_PATHS = (
					"$(inherited)",
					"@executable_path/Frameworks",
				);
				MARKETING_VERSION = 1.0;
				PRODUCT_BUNDLE_IDENTIFIER = com.future.AreebTask;
				PRODUCT_NAME = "$(TARGET_NAME)";
				SWIFT_EMIT_LOC_STRINGS = YES;
				SWIFT_VERSION = 5.0;
				TARGETED_DEVICE_FAMILY = "1,2";
			};
			name = Release;
		};
		F74BF4042AE1AB0200355F63 /* Debug */ = {
			isa = XCBuildConfiguration;
			buildSettings = {
				ALWAYS_EMBED_SWIFT_STANDARD_LIBRARIES = YES;
				BUNDLE_LOADER = "$(TEST_HOST)";
				CODE_SIGN_STYLE = Automatic;
				CURRENT_PROJECT_VERSION = 1;
				DEVELOPMENT_TEAM = TP8LF837KP;
				GENERATE_INFOPLIST_FILE = YES;
				IPHONEOS_DEPLOYMENT_TARGET = 16.1;
				MARKETING_VERSION = 1.0;
				PRODUCT_BUNDLE_IDENTIFIER = com.future.AreebTaskTests;
				PRODUCT_NAME = "$(TARGET_NAME)";
				SWIFT_EMIT_LOC_STRINGS = NO;
				SWIFT_VERSION = 5.0;
				TARGETED_DEVICE_FAMILY = "1,2";
				TEST_HOST = "$(BUILT_PRODUCTS_DIR)/AreebTask.app/$(BUNDLE_EXECUTABLE_FOLDER_PATH)/AreebTask";
			};
			name = Debug;
		};
		F74BF4052AE1AB0200355F63 /* Release */ = {
			isa = XCBuildConfiguration;
			buildSettings = {
				ALWAYS_EMBED_SWIFT_STANDARD_LIBRARIES = YES;
				BUNDLE_LOADER = "$(TEST_HOST)";
				CODE_SIGN_STYLE = Automatic;
				CURRENT_PROJECT_VERSION = 1;
				DEVELOPMENT_TEAM = TP8LF837KP;
				GENERATE_INFOPLIST_FILE = YES;
				IPHONEOS_DEPLOYMENT_TARGET = 16.1;
				MARKETING_VERSION = 1.0;
				PRODUCT_BUNDLE_IDENTIFIER = com.future.AreebTaskTests;
				PRODUCT_NAME = "$(TARGET_NAME)";
				SWIFT_EMIT_LOC_STRINGS = NO;
				SWIFT_VERSION = 5.0;
				TARGETED_DEVICE_FAMILY = "1,2";
				TEST_HOST = "$(BUILT_PRODUCTS_DIR)/AreebTask.app/$(BUNDLE_EXECUTABLE_FOLDER_PATH)/AreebTask";
			};
			name = Release;
		};
		F74BF4072AE1AB0200355F63 /* Debug */ = {
			isa = XCBuildConfiguration;
			buildSettings = {
				ALWAYS_EMBED_SWIFT_STANDARD_LIBRARIES = YES;
				CODE_SIGN_STYLE = Automatic;
				CURRENT_PROJECT_VERSION = 1;
				DEVELOPMENT_TEAM = TP8LF837KP;
				GENERATE_INFOPLIST_FILE = YES;
				MARKETING_VERSION = 1.0;
				PRODUCT_BUNDLE_IDENTIFIER = com.future.AreebTaskUITests;
				PRODUCT_NAME = "$(TARGET_NAME)";
				SWIFT_EMIT_LOC_STRINGS = NO;
				SWIFT_VERSION = 5.0;
				TARGETED_DEVICE_FAMILY = "1,2";
				TEST_TARGET_NAME = AreebTask;
			};
			name = Debug;
		};
		F74BF4082AE1AB0200355F63 /* Release */ = {
			isa = XCBuildConfiguration;
			buildSettings = {
				ALWAYS_EMBED_SWIFT_STANDARD_LIBRARIES = YES;
				CODE_SIGN_STYLE = Automatic;
				CURRENT_PROJECT_VERSION = 1;
				DEVELOPMENT_TEAM = TP8LF837KP;
				GENERATE_INFOPLIST_FILE = YES;
				MARKETING_VERSION = 1.0;
				PRODUCT_BUNDLE_IDENTIFIER = com.future.AreebTaskUITests;
				PRODUCT_NAME = "$(TARGET_NAME)";
				SWIFT_EMIT_LOC_STRINGS = NO;
				SWIFT_VERSION = 5.0;
				TARGETED_DEVICE_FAMILY = "1,2";
				TEST_TARGET_NAME = AreebTask;
			};
			name = Release;
		};
/* End XCBuildConfiguration section */

/* Begin XCConfigurationList section */
		F74BF3D12AE1AB0100355F63 /* Build configuration list for PBXProject "AreebTask" */ = {
			isa = XCConfigurationList;
			buildConfigurations = (
				F74BF3FE2AE1AB0200355F63 /* Debug */,
				F74BF3FF2AE1AB0200355F63 /* Release */,
			);
			defaultConfigurationIsVisible = 0;
			defaultConfigurationName = Release;
		};
		F74BF4002AE1AB0200355F63 /* Build configuration list for PBXNativeTarget "AreebTask" */ = {
			isa = XCConfigurationList;
			buildConfigurations = (
				F74BF4012AE1AB0200355F63 /* Debug */,
				F74BF4022AE1AB0200355F63 /* Release */,
			);
			defaultConfigurationIsVisible = 0;
			defaultConfigurationName = Release;
		};
		F74BF4032AE1AB0200355F63 /* Build configuration list for PBXNativeTarget "AreebTaskTests" */ = {
			isa = XCConfigurationList;
			buildConfigurations = (
				F74BF4042AE1AB0200355F63 /* Debug */,
				F74BF4052AE1AB0200355F63 /* Release */,
			);
			defaultConfigurationIsVisible = 0;
			defaultConfigurationName = Release;
		};
		F74BF4062AE1AB0200355F63 /* Build configuration list for PBXNativeTarget "AreebTaskUITests" */ = {
			isa = XCConfigurationList;
			buildConfigurations = (
				F74BF4072AE1AB0200355F63 /* Debug */,
				F74BF4082AE1AB0200355F63 /* Release */,
			);
			defaultConfigurationIsVisible = 0;
			defaultConfigurationName = Release;
		};
/* End XCConfigurationList section */

/* Begin XCRemoteSwiftPackageReference section */
		F704BDB22AE3631300253B3B /* XCRemoteSwiftPackageReference "KRProgressHUD" */ = {
			isa = XCRemoteSwiftPackageReference;
			repositoryURL = "https://github.com/krimpedance/KRProgressHUD.git";
			requirement = {
				kind = upToNextMajorVersion;
				minimumVersion = 3.0.0;
			};
		};
		F767508C2AE20F1000C29C4C /* XCRemoteSwiftPackageReference "SDWebImage" */ = {
			isa = XCRemoteSwiftPackageReference;
			repositoryURL = "https://github.com/SDWebImage/SDWebImage.git";
			requirement = {
				kind = upToNextMajorVersion;
				minimumVersion = 5.0.0;
			};
		};
/* End XCRemoteSwiftPackageReference section */

/* Begin XCSwiftPackageProductDependency section */
		F704BDB32AE3631300253B3B /* KRProgressHUD */ = {
			isa = XCSwiftPackageProductDependency;
			package = F704BDB22AE3631300253B3B /* XCRemoteSwiftPackageReference "KRProgressHUD" */;
			productName = KRProgressHUD;
		};
		F767508D2AE20F1000C29C4C /* SDWebImage */ = {
			isa = XCSwiftPackageProductDependency;
			package = F767508C2AE20F1000C29C4C /* XCRemoteSwiftPackageReference "SDWebImage" */;
			productName = SDWebImage;
		};
/* End XCSwiftPackageProductDependency section */
	};
	rootObject = F74BF3CE2AE1AB0100355F63 /* Project object */;
}
